{
  "name": "@xmcl/client",
  "version": "2.0.3",
  "lockfileVersion": 1,
  "requires": true,
  "dependencies": {
    "@xmcl/nbt": {
      "version": "file:../nbt",
      "requires": {
        "bytebuffer": "^5.0.1",
        "file-type": "^11.0.0",
        "long": "^3.2.0",
        "pako": "^1.0.10"
      },
      "dependencies": {
        "bytebuffer": {
          "version": "5.0.1",
          "resolved": "https://registry.npmjs.org/bytebuffer/-/bytebuffer-5.0.1.tgz",
          "integrity": "sha1-WC7qSxqHO20CCkjVjfhfC7ps/d0=",
          "requires": {
            "long": "~3"
          }
        },
        "file-type": {
          "version": "11.1.0",
          "resolved": "https://registry.npmjs.org/file-type/-/file-type-11.1.0.tgz",
          "integrity": "sha512-rM0UO7Qm9K7TWTtA6AShI/t7H5BPjDeGVDaNyg9BjHAj3PysKy7+8C8D137R88jnR3rFJZQB/tFgydl5sN5m7g=="
        },
        "long": {
          "version": "3.2.0",
          "resolved": "https://registry.npmjs.org/long/-/long-3.2.0.tgz",
          "integrity": "sha1-2CG3E4yhy1gcFymQ7xTbIAtcR0s="
        },
        "pako": {
          "version": "1.0.11",
          "resolved": "https://registry.npmjs.org/pako/-/pako-1.0.11.tgz",
          "integrity": "sha512-4hLB8Py4zZce5s4yd9XzopqwVv/yGNhV1Bl8NTmCq1763HeK2+EwVTv+leGeL13Dnh2wfbqowVPXCIO0z4taYw=="
        }
      }
    },
    "@xmcl/text-component": {
      "version": "file:../text-component"
    },
    "bytebuffer": {
      "version": "5.0.1",
      "resolved": "https://registry.npmjs.org/bytebuffer/-/bytebuffer-5.0.1.tgz",
      "integrity": "sha1-WC7qSxqHO20CCkjVjfhfC7ps/d0=",
      "requires": {
        "long": "~3"
      },
      "dependencies": {
        "long": {
          "version": "3.2.0",
          "resolved": "https://registry.npmjs.org/long/-/long-3.2.0.tgz",
          "integrity": "sha1-2CG3E4yhy1gcFymQ7xTbIAtcR0s="
        }
      }
    },
    "long": {
      "version": "4.0.0",
      "resolved": "https://registry.npmjs.org/long/-/long-4.0.0.tgz",
      "integrity": "sha512-XsP+KhQif4bjX1kbuSiySJFNAehNxgLb6hPRGJ9QsUr8ajHkuXGdrHmFUTUUXhDwVX2R5bY4JNZEwbUiMhV+MA=="
    },
    "uuid": {
      "version": "7.0.2",
      "resolved": "https://registry.npmjs.org/uuid/-/uuid-7.0.2.tgz",
      "integrity": "sha512-vy9V/+pKG+5ZTYKf+VcphF5Oc6EFiu3W8Nv3P3zIh0EqVI80ZxOzuPfe9EHjkFNvf8+xuTHVeei4Drydlx4zjw=="
    }
  }
}
